
Microsoft Visual Studio Solution File, Format Version 12.00
# Visual Studio 15
VisualStudioVersion = 15.0.28010.2026
MinimumVisualStudioVersion = 10.0.40219.1
Project("{FAE04EC0-301F-11D3-BF4B-00C04F79EFBC}") = "Client_UDP_ChatGroup", "Client_UDP_ChatGroup\Client_UDP_ChatGroup.csproj", "{F4F6A064-D27C-4B25-8927-D9B6C64256BA}"
EndProject
Global
	GlobalSection(SolutionConfigurationPlatforms) = preSolution
		Debug|Any CPU = Debug|Any CPU
		Release|Any CPU = Release|Any CPU
	EndGlobalSection
	GlobalSection(ProjectConfigurationPlatforms) = postSolution
		{F4F6A064-D27C-4B25-8927-D9B6C64256BA}.Debug|Any CPU.ActiveCfg = Debug|Any CPU
		{F4F6A064-D27C-4B25-8927-D9B6C64256BA}.Debug|Any CPU.Build.0 = Debug|Any CPU
		{F4F6A064-D27C-4B25-8927-D9B6C64256BA}.Release|Any CPU.ActiveCfg = Release|Any CPU
		{F4F6A064-D27C-4B25-8927-D9B6C64256BA}.Release|Any CPU.Build.0 = Release|Any CPU
	EndGlobalSection
	GlobalSection(SolutionProperties) = preSolution
		HideSolutionNode = FALSE
	EndGlobalSection
	GlobalSection(ExtensibilityGlobals) = postSolution
		SolutionGuid = {DFDB2A01-3973-46E0-B452-3752C6301AC5}
	EndGlobalSection
EndGlobal
