
Microsoft Visual Studio Solution File, Format Version 12.00
# Visual Studio 15
VisualStudioVersion = 15.0.28010.2026
MinimumVisualStudioVersion = 10.0.40219.1
Project("{FAE04EC0-301F-11D3-BF4B-00C04F79EFBC}") = "Server_UDP_Chat", "Server_UDP_Chat\Server_UDP_Chat.csproj", "{2C5ECD9C-8F84-46EF-A052-9CAC6ED20DCB}"
EndProject
Global
	GlobalSection(SolutionConfigurationPlatforms) = preSolution
		Debug|Any CPU = Debug|Any CPU
		Release|Any CPU = Release|Any CPU
	EndGlobalSection
	GlobalSection(ProjectConfigurationPlatforms) = postSolution
		{2C5ECD9C-8F84-46EF-A052-9CAC6ED20DCB}.Debug|Any CPU.ActiveCfg = Debug|Any CPU
		{2C5ECD9C-8F84-46EF-A052-9CAC6ED20DCB}.Debug|Any CPU.Build.0 = Debug|Any CPU
		{2C5ECD9C-8F84-46EF-A052-9CAC6ED20DCB}.Release|Any CPU.ActiveCfg = Release|Any CPU
		{2C5ECD9C-8F84-46EF-A052-9CAC6ED20DCB}.Release|Any CPU.Build.0 = Release|Any CPU
	EndGlobalSection
	GlobalSection(SolutionProperties) = preSolution
		HideSolutionNode = FALSE
	EndGlobalSection
	GlobalSection(ExtensibilityGlobals) = postSolution
		SolutionGuid = {38B3EFE0-5172-4585-9279-39C4F1C4A275}
	EndGlobalSection
EndGlobal
