
Microsoft Visual Studio Solution File, Format Version 12.00
# Visual Studio 15
VisualStudioVersion = 15.0.28010.2026
MinimumVisualStudioVersion = 10.0.40219.1
Project("{FAE04EC0-301F-11D3-BF4B-00C04F79EFBC}") = "Server_UDP_2", "Server_UDP_2\Server_UDP_2.csproj", "{F59755D4-AD31-46D1-B31A-306CCD9A57F0}"
EndProject
Global
	GlobalSection(SolutionConfigurationPlatforms) = preSolution
		Debug|Any CPU = Debug|Any CPU
		Release|Any CPU = Release|Any CPU
	EndGlobalSection
	GlobalSection(ProjectConfigurationPlatforms) = postSolution
		{F59755D4-AD31-46D1-B31A-306CCD9A57F0}.Debug|Any CPU.ActiveCfg = Debug|Any CPU
		{F59755D4-AD31-46D1-B31A-306CCD9A57F0}.Debug|Any CPU.Build.0 = Debug|Any CPU
		{F59755D4-AD31-46D1-B31A-306CCD9A57F0}.Release|Any CPU.ActiveCfg = Release|Any CPU
		{F59755D4-AD31-46D1-B31A-306CCD9A57F0}.Release|Any CPU.Build.0 = Release|Any CPU
	EndGlobalSection
	GlobalSection(SolutionProperties) = preSolution
		HideSolutionNode = FALSE
	EndGlobalSection
	GlobalSection(ExtensibilityGlobals) = postSolution
		SolutionGuid = {3D6A6DD2-95F6-4D3B-B15B-DF9C2CD42A2B}
	EndGlobalSection
EndGlobal
