
Microsoft Visual Studio Solution File, Format Version 12.00
# Visual Studio 15
VisualStudioVersion = 15.0.28010.2026
MinimumVisualStudioVersion = 10.0.40219.1
Project("{FAE04EC0-301F-11D3-BF4B-00C04F79EFBC}") = "Server_TCP_B2", "Server_TCP_B2\Server_TCP_B2.csproj", "{D5166CA5-AF0A-40EA-942B-CF7CE2232443}"
EndProject
Global
	GlobalSection(SolutionConfigurationPlatforms) = preSolution
		Debug|Any CPU = Debug|Any CPU
		Release|Any CPU = Release|Any CPU
	EndGlobalSection
	GlobalSection(ProjectConfigurationPlatforms) = postSolution
		{D5166CA5-AF0A-40EA-942B-CF7CE2232443}.Debug|Any CPU.ActiveCfg = Debug|Any CPU
		{D5166CA5-AF0A-40EA-942B-CF7CE2232443}.Debug|Any CPU.Build.0 = Debug|Any CPU
		{D5166CA5-AF0A-40EA-942B-CF7CE2232443}.Release|Any CPU.ActiveCfg = Release|Any CPU
		{D5166CA5-AF0A-40EA-942B-CF7CE2232443}.Release|Any CPU.Build.0 = Release|Any CPU
	EndGlobalSection
	GlobalSection(SolutionProperties) = preSolution
		HideSolutionNode = FALSE
	EndGlobalSection
	GlobalSection(ExtensibilityGlobals) = postSolution
		SolutionGuid = {EA9AC2F8-8050-4783-921D-C7BC3FB381E2}
	EndGlobalSection
EndGlobal
