
Microsoft Visual Studio Solution File, Format Version 12.00
# Visual Studio 15
VisualStudioVersion = 15.0.27703.2047
MinimumVisualStudioVersion = 10.0.40219.1
Project("{FAE04EC0-301F-11D3-BF4B-00C04F79EFBC}") = "Server", "Server\Server.csproj", "{D77243E2-E517-4A3A-AF18-929637988E6C}"
EndProject
Global
	GlobalSection(SolutionConfigurationPlatforms) = preSolution
		Debug|Any CPU = Debug|Any CPU
		Release|Any CPU = Release|Any CPU
	EndGlobalSection
	GlobalSection(ProjectConfigurationPlatforms) = postSolution
		{D77243E2-E517-4A3A-AF18-929637988E6C}.Debug|Any CPU.ActiveCfg = Debug|Any CPU
		{D77243E2-E517-4A3A-AF18-929637988E6C}.Debug|Any CPU.Build.0 = Debug|Any CPU
		{D77243E2-E517-4A3A-AF18-929637988E6C}.Release|Any CPU.ActiveCfg = Release|Any CPU
		{D77243E2-E517-4A3A-AF18-929637988E6C}.Release|Any CPU.Build.0 = Release|Any CPU
	EndGlobalSection
	GlobalSection(SolutionProperties) = preSolution
		HideSolutionNode = FALSE
	EndGlobalSection
	GlobalSection(ExtensibilityGlobals) = postSolution
		SolutionGuid = {350C30F5-0610-4478-85DF-7A1664999596}
	EndGlobalSection
EndGlobal
