
Microsoft Visual Studio Solution File, Format Version 12.00
# Visual Studio 15
VisualStudioVersion = 15.0.28010.2026
MinimumVisualStudioVersion = 10.0.40219.1
Project("{FAE04EC0-301F-11D3-BF4B-00C04F79EFBC}") = "Server_UDP_3", "Server_UDP_3\Server_UDP_3.csproj", "{779B94B4-9327-4199-8B83-C07CEB2CE36D}"
EndProject
Global
	GlobalSection(SolutionConfigurationPlatforms) = preSolution
		Debug|Any CPU = Debug|Any CPU
		Release|Any CPU = Release|Any CPU
	EndGlobalSection
	GlobalSection(ProjectConfigurationPlatforms) = postSolution
		{779B94B4-9327-4199-8B83-C07CEB2CE36D}.Debug|Any CPU.ActiveCfg = Debug|Any CPU
		{779B94B4-9327-4199-8B83-C07CEB2CE36D}.Debug|Any CPU.Build.0 = Debug|Any CPU
		{779B94B4-9327-4199-8B83-C07CEB2CE36D}.Release|Any CPU.ActiveCfg = Release|Any CPU
		{779B94B4-9327-4199-8B83-C07CEB2CE36D}.Release|Any CPU.Build.0 = Release|Any CPU
	EndGlobalSection
	GlobalSection(SolutionProperties) = preSolution
		HideSolutionNode = FALSE
	EndGlobalSection
	GlobalSection(ExtensibilityGlobals) = postSolution
		SolutionGuid = {C5AF593C-B9E2-41D3-9894-AEDC99C45C1C}
	EndGlobalSection
EndGlobal
